{
  "name": "nikolai-dream-script",
  "version": "1.0.0",
  "lockfileVersion": 1,
  "requires": true,
  "dependencies": {
    "cal-parser": {
      "version": "1.0.2",
      "resolved": "https://registry.npmjs.org/cal-parser/-/cal-parser-1.0.2.tgz",
      "integrity": "sha512-wlQwcF0fl4eLclyGdncF9rcNNq0ipRYZGagG6h3LVgRXvCWE1fdMUaCLXwfC9YWoz9jKKbjQAq7TpO2Y3yrvmA==",
      "requires": {
        "ical-date-parser": "^4.0.0",
        "rrule": "^2.6.8"
      }
    },
    "ical-date-parser": {
      "version": "4.0.0",
      "resolved": "https://registry.npmjs.org/ical-date-parser/-/ical-date-parser-4.0.0.tgz",
      "integrity": "sha512-XRCK/FU1akC2ZaJOdKIeZI6BLLgzWUuE0pegSrrkEva89GOan5mNkLVqCU4EMhCJ9nkG5TLWdMXrVX1fNAkFzw=="
    },
    "rrule": {
      "version": "2.7.1",
      "resolved": "https://registry.npmjs.org/rrule/-/rrule-2.7.1.tgz",
      "integrity": "sha512-4p20u/1U7WqR3Nb1hOUrm0u1nSI7sO93ZUVZEZ5HeF6Gr5OlJuyhwEGRvUHq8ZfrPsq5gfa5b9dqnUs/kPqpIw==",
      "requires": {
        "tslib": "^2.4.0"
      }
    },
    "tslib": {
      "version": "2.5.0",
      "resolved": "https://registry.npmjs.org/tslib/-/tslib-2.5.0.tgz",
      "integrity": "sha512-336iVw3rtn2BUK7ORdIAHTyxHGRIHVReokCR3XjbckJMK7ms8FysBfhLR8IXnAgy7T0PTPNBWKiH514FOW/WSg=="
    }
  }
}
